
Microsoft Visual Studio Solution File, Format Version 12.00
# Visual Studio Version 16
VisualStudioVersion = 16.0.31313.79
MinimumVisualStudioVersion = 10.0.40219.1
Project("{9A19103F-16F7-4668-BE54-9A1E7A4F7556}") = "Humanae", "Humanae\Humanae.csproj", "{51CCC18D-A5B1-4318-9FF6-99FCDCC3E808}"
EndProject
Project("{9A19103F-16F7-4668-BE54-9A1E7A4F7556}") = "Humanae.Domain", "Humanae.Domain\Humanae.Domain.csproj", "{47F7157E-913C-41FE-BF92-D81E1A4CC776}"
EndProject
Project("{9A19103F-16F7-4668-BE54-9A1E7A4F7556}") = "Humanae.Dto", "Humanae.Dto\Humanae.Dto.csproj", "{5F6AE880-4584-446A-92F6-091BA582EC79}"
EndProject
Project("{9A19103F-16F7-4668-BE54-9A1E7A4F7556}") = "Humanae.Contracts", "Humanae.Contracts\Humanae.Contracts.csproj", "{23BDAB43-E5FF-4B77-B0F2-CFAB688A23DF}"
EndProject
Project("{9A19103F-16F7-4668-BE54-9A1E7A4F7556}") = "Humanae.Repositories", "Humanae.Repository\Humanae.Repositories.csproj", "{FF591CB5-144D-4F10-9222-EC17D6B7904B}"
EndProject
Project("{9A19103F-16F7-4668-BE54-9A1E7A4F7556}") = "Humanae.Data", "Humanae.Data\Humanae.Data.csproj", "{1094607E-DF77-4BA8-8860-1CF01C500357}"
EndProject
Project("{9A19103F-16F7-4668-BE54-9A1E7A4F7556}") = "Humanae.DomainGlobal", "Humanae.DomainGlobal\Humanae.DomainGlobal.csproj", "{C36D8762-83F2-4DAE-8C7F-453D74CB502C}"
EndProject
Project("{9A19103F-16F7-4668-BE54-9A1E7A4F7556}") = "Humanae.Services", "Humanae.Services\Humanae.Services.csproj", "{29857724-9C3D-4C24-9094-8E2704021413}"
EndProject
Global
	GlobalSection(SolutionConfigurationPlatforms) = preSolution
		Debug|Any CPU = Debug|Any CPU
		Release|Any CPU = Release|Any CPU
	EndGlobalSection
	GlobalSection(ProjectConfigurationPlatforms) = postSolution
		{51CCC18D-A5B1-4318-9FF6-99FCDCC3E808}.Debug|Any CPU.ActiveCfg = Debug|Any CPU
		{51CCC18D-A5B1-4318-9FF6-99FCDCC3E808}.Debug|Any CPU.Build.0 = Debug|Any CPU
		{51CCC18D-A5B1-4318-9FF6-99FCDCC3E808}.Release|Any CPU.ActiveCfg = Release|Any CPU
		{51CCC18D-A5B1-4318-9FF6-99FCDCC3E808}.Release|Any CPU.Build.0 = Release|Any CPU
		{47F7157E-913C-41FE-BF92-D81E1A4CC776}.Debug|Any CPU.ActiveCfg = Debug|Any CPU
		{47F7157E-913C-41FE-BF92-D81E1A4CC776}.Debug|Any CPU.Build.0 = Debug|Any CPU
		{47F7157E-913C-41FE-BF92-D81E1A4CC776}.Release|Any CPU.ActiveCfg = Release|Any CPU
		{47F7157E-913C-41FE-BF92-D81E1A4CC776}.Release|Any CPU.Build.0 = Release|Any CPU
		{5F6AE880-4584-446A-92F6-091BA582EC79}.Debug|Any CPU.ActiveCfg = Debug|Any CPU
		{5F6AE880-4584-446A-92F6-091BA582EC79}.Debug|Any CPU.Build.0 = Debug|Any CPU
		{5F6AE880-4584-446A-92F6-091BA582EC79}.Release|Any CPU.ActiveCfg = Release|Any CPU
		{5F6AE880-4584-446A-92F6-091BA582EC79}.Release|Any CPU.Build.0 = Release|Any CPU
		{23BDAB43-E5FF-4B77-B0F2-CFAB688A23DF}.Debug|Any CPU.ActiveCfg = Debug|Any CPU
		{23BDAB43-E5FF-4B77-B0F2-CFAB688A23DF}.Debug|Any CPU.Build.0 = Debug|Any CPU
		{23BDAB43-E5FF-4B77-B0F2-CFAB688A23DF}.Release|Any CPU.ActiveCfg = Release|Any CPU
		{23BDAB43-E5FF-4B77-B0F2-CFAB688A23DF}.Release|Any CPU.Build.0 = Release|Any CPU
		{FF591CB5-144D-4F10-9222-EC17D6B7904B}.Debug|Any CPU.ActiveCfg = Debug|Any CPU
		{FF591CB5-144D-4F10-9222-EC17D6B7904B}.Debug|Any CPU.Build.0 = Debug|Any CPU
		{FF591CB5-144D-4F10-9222-EC17D6B7904B}.Release|Any CPU.ActiveCfg = Release|Any CPU
		{FF591CB5-144D-4F10-9222-EC17D6B7904B}.Release|Any CPU.Build.0 = Release|Any CPU
		{1094607E-DF77-4BA8-8860-1CF01C500357}.Debug|Any CPU.ActiveCfg = Debug|Any CPU
		{1094607E-DF77-4BA8-8860-1CF01C500357}.Debug|Any CPU.Build.0 = Debug|Any CPU
		{1094607E-DF77-4BA8-8860-1CF01C500357}.Release|Any CPU.ActiveCfg = Release|Any CPU
		{1094607E-DF77-4BA8-8860-1CF01C500357}.Release|Any CPU.Build.0 = Release|Any CPU
		{C36D8762-83F2-4DAE-8C7F-453D74CB502C}.Debug|Any CPU.ActiveCfg = Debug|Any CPU
		{C36D8762-83F2-4DAE-8C7F-453D74CB502C}.Debug|Any CPU.Build.0 = Debug|Any CPU
		{C36D8762-83F2-4DAE-8C7F-453D74CB502C}.Release|Any CPU.ActiveCfg = Release|Any CPU
		{C36D8762-83F2-4DAE-8C7F-453D74CB502C}.Release|Any CPU.Build.0 = Release|Any CPU
		{29857724-9C3D-4C24-9094-8E2704021413}.Debug|Any CPU.ActiveCfg = Debug|Any CPU
		{29857724-9C3D-4C24-9094-8E2704021413}.Debug|Any CPU.Build.0 = Debug|Any CPU
		{29857724-9C3D-4C24-9094-8E2704021413}.Release|Any CPU.ActiveCfg = Release|Any CPU
		{29857724-9C3D-4C24-9094-8E2704021413}.Release|Any CPU.Build.0 = Release|Any CPU
	EndGlobalSection
	GlobalSection(SolutionProperties) = preSolution
		HideSolutionNode = FALSE
	EndGlobalSection
	GlobalSection(ExtensibilityGlobals) = postSolution
		SolutionGuid = {51C44142-1119-452C-BC96-105E6D5DDD99}
	EndGlobalSection
EndGlobal
